
Microsoft Visual Studio Solution File, Format Version 12.00
# Visual Studio Version 17
VisualStudioVersion = 17.5.33516.290
MinimumVisualStudioVersion = 10.0.40219.1
Project("{9A19103F-16F7-4668-BE54-9A1E7A4F7556}") = "DynamicScriptExecutor", "DynamicScriptExecutor\DynamicScriptExecutor.csproj", "{4BD4F26E-4082-4A8C-A578-38A3B1B9F5DA}"
EndProject
Project("{9A19103F-16F7-4668-BE54-9A1E7A4F7556}") = "DynamicScriptExecutorTest", "DynamicScriptExecutorTest\DynamicScriptExecutorTest.csproj", "{22E8C1F7-DCAB-439C-ADB8-72D20367D112}"
EndProject
Global
	GlobalSection(SolutionConfigurationPlatforms) = preSolution
		Debug|Any CPU = Debug|Any CPU
		Release|Any CPU = Release|Any CPU
	EndGlobalSection
	GlobalSection(ProjectConfigurationPlatforms) = postSolution
		{4BD4F26E-4082-4A8C-A578-38A3B1B9F5DA}.Debug|Any CPU.ActiveCfg = Debug|Any CPU
		{4BD4F26E-4082-4A8C-A578-38A3B1B9F5DA}.Debug|Any CPU.Build.0 = Debug|Any CPU
		{4BD4F26E-4082-4A8C-A578-38A3B1B9F5DA}.Release|Any CPU.ActiveCfg = Release|Any CPU
		{4BD4F26E-4082-4A8C-A578-38A3B1B9F5DA}.Release|Any CPU.Build.0 = Release|Any CPU
		{22E8C1F7-DCAB-439C-ADB8-72D20367D112}.Debug|Any CPU.ActiveCfg = Debug|Any CPU
		{22E8C1F7-DCAB-439C-ADB8-72D20367D112}.Debug|Any CPU.Build.0 = Debug|Any CPU
		{22E8C1F7-DCAB-439C-ADB8-72D20367D112}.Release|Any CPU.ActiveCfg = Release|Any CPU
		{22E8C1F7-DCAB-439C-ADB8-72D20367D112}.Release|Any CPU.Build.0 = Release|Any CPU
	EndGlobalSection
	GlobalSection(SolutionProperties) = preSolution
		HideSolutionNode = FALSE
	EndGlobalSection
	GlobalSection(ExtensibilityGlobals) = postSolution
		SolutionGuid = {462E67E2-4D78-4EEB-BF8D-102CCF740D2D}
	EndGlobalSection
EndGlobal
