
Microsoft Visual Studio Solution File, Format Version 12.00
# Visual Studio Version 17
VisualStudioVersion = 17.5.33516.290
MinimumVisualStudioVersion = 10.0.40219.1
Project("{FAE04EC0-301F-11D3-BF4B-00C04F79EFBC}") = "RoslynScriptRunner", "RoslynScriptRunner\RoslynScriptRunner.csproj", "{6DF88E01-F3DC-4D7C-BEB6-3EB30884506F}"
EndProject
Project("{FAE04EC0-301F-11D3-BF4B-00C04F79EFBC}") = "RoslynScriptRunnerTest", "RoslynScriptRunnerTest\RoslynScriptRunnerTest.csproj", "{52311664-6F2C-4BB3-BD2F-0909FC03C067}"
EndProject
Global
	GlobalSection(SolutionConfigurationPlatforms) = preSolution
		Debug|Any CPU = Debug|Any CPU
		Release|Any CPU = Release|Any CPU
	EndGlobalSection
	GlobalSection(ProjectConfigurationPlatforms) = postSolution
		{6DF88E01-F3DC-4D7C-BEB6-3EB30884506F}.Debug|Any CPU.ActiveCfg = Debug|Any CPU
		{6DF88E01-F3DC-4D7C-BEB6-3EB30884506F}.Debug|Any CPU.Build.0 = Debug|Any CPU
		{6DF88E01-F3DC-4D7C-BEB6-3EB30884506F}.Release|Any CPU.ActiveCfg = Release|Any CPU
		{6DF88E01-F3DC-4D7C-BEB6-3EB30884506F}.Release|Any CPU.Build.0 = Release|Any CPU
		{52311664-6F2C-4BB3-BD2F-0909FC03C067}.Debug|Any CPU.ActiveCfg = Debug|Any CPU
		{52311664-6F2C-4BB3-BD2F-0909FC03C067}.Debug|Any CPU.Build.0 = Debug|Any CPU
		{52311664-6F2C-4BB3-BD2F-0909FC03C067}.Release|Any CPU.ActiveCfg = Release|Any CPU
		{52311664-6F2C-4BB3-BD2F-0909FC03C067}.Release|Any CPU.Build.0 = Release|Any CPU
	EndGlobalSection
	GlobalSection(SolutionProperties) = preSolution
		HideSolutionNode = FALSE
	EndGlobalSection
	GlobalSection(ExtensibilityGlobals) = postSolution
		SolutionGuid = {462E67E2-4D78-4EEB-BF8D-102CCF740D2D}
	EndGlobalSection
EndGlobal
